// !$*UTF8*$!
{
	archiveVersion = 1;
	classes = {
	};
	objectVersion = 50;
	objects = {

/* Begin PBXBuildFile section */
		463F975D25D0822A00327EF8 /* MyFavouriteRecipesApp.swift in Sources */ = {isa = PBXBuildFile; fileRef = 463F975C25D0822A00327EF8 /* MyFavouriteRecipesApp.swift */; };
		463F975F25D0822A00327EF8 /* ContentView.swift in Sources */ = {isa = PBXBuildFile; fileRef = 463F975E25D0822A00327EF8 /* ContentView.swift */; };
		463F976125D0822B00327EF8 /* Assets.xcassets in Resources */ = {isa = PBXBuildFile; fileRef = 463F976025D0822B00327EF8 /* Assets.xcassets */; };
		463F976425D0822B00327EF8 /* Preview Assets.xcassets in Resources */ = {isa = PBXBuildFile; fileRef = 463F976325D0822B00327EF8 /* Preview Assets.xcassets */; };
		463F976E25D082EE00327EF8 /* README.md in Resources */ = {isa = PBXBuildFile; fileRef = 463F976C25D082EE00327EF8 /* README.md */; };
		463F976F25D082EE00327EF8 /* LICENSE.txt in Resources */ = {isa = PBXBuildFile; fileRef = 463F976D25D082EE00327EF8 /* LICENSE.txt */; };
		463F977225D08E4800327EF8 /* RecipeModel.swift in Sources */ = {isa = PBXBuildFile; fileRef = 463F977125D08E4800327EF8 /* RecipeModel.swift */; };
		463F977625D09A5300327EF8 /* RecipeView.swift in Sources */ = {isa = PBXBuildFile; fileRef = 463F977525D09A5300327EF8 /* RecipeView.swift */; };
		463F977C25D0A86400327EF8 /* Helper.swift in Sources */ = {isa = PBXBuildFile; fileRef = 463F977B25D0A86400327EF8 /* Helper.swift */; };
		465DA2FB25D4A7E200750394 /* NetworkHelper.swift in Sources */ = {isa = PBXBuildFile; fileRef = 465DA2FA25D4A7E200750394 /* NetworkHelper.swift */; };
		46D0203D25D1F0A800AF34F5 /* RecipeDetailView.swift in Sources */ = {isa = PBXBuildFile; fileRef = 46D0203C25D1F0A800AF34F5 /* RecipeDetailView.swift */; };
		46F84E3625D342DA00CF7F3D /* AddRecipeView.swift in Sources */ = {isa = PBXBuildFile; fileRef = 46F84E3525D342DA00CF7F3D /* AddRecipeView.swift */; };
		46F84E3B25D34FC900CF7F3D /* ImageHelper.swift in Sources */ = {isa = PBXBuildFile; fileRef = 46F84E3A25D34FC900CF7F3D /* ImageHelper.swift */; };
		46F84E3E25D3540A00CF7F3D /* TextHelper.swift in Sources */ = {isa = PBXBuildFile; fileRef = 46F84E3D25D3540A00CF7F3D /* TextHelper.swift */; };
/* End PBXBuildFile section */

/* Begin PBXFileReference section */
		463F975925D0822A00327EF8 /* MyFavouriteRecipes.app */ = {isa = PBXFileReference; explicitFileType = wrapper.application; includeInIndex = 0; path = MyFavouriteRecipes.app; sourceTree = BUILT_PRODUCTS_DIR; };
		463F975C25D0822A00327EF8 /* MyFavouriteRecipesApp.swift */ = {isa = PBXFileReference; lastKnownFileType = sourcecode.swift; path = MyFavouriteRecipesApp.swift; sourceTree = "<group>"; };
		463F975E25D0822A00327EF8 /* ContentView.swift */ = {isa = PBXFileReference; lastKnownFileType = sourcecode.swift; path = ContentView.swift; sourceTree = "<group>"; };
		463F976025D0822B00327EF8 /* Assets.xcassets */ = {isa = PBXFileReference; lastKnownFileType = folder.assetcatalog; path = Assets.xcassets; sourceTree = "<group>"; };
		463F976325D0822B00327EF8 /* Preview Assets.xcassets */ = {isa = PBXFileReference; lastKnownFileType = folder.assetcatalog; path = "Preview Assets.xcassets"; sourceTree = "<group>"; };
		463F976525D0822B00327EF8 /* Info.plist */ = {isa = PBXFileReference; lastKnownFileType = text.plist.xml; path = Info.plist; sourceTree = "<group>"; };
		463F976C25D082EE00327EF8 /* README.md */ = {isa = PBXFileReference; fileEncoding = 4; lastKnownFileType = net.daringfireball.markdown; path = README.md; sourceTree = "<group>"; };
		463F976D25D082EE00327EF8 /* LICENSE.txt */ = {isa = PBXFileReference; fileEncoding = 4; lastKnownFileType = text; path = LICENSE.txt; sourceTree = "<group>"; };
		463F977125D08E4800327EF8 /* RecipeModel.swift */ = {isa = PBXFileReference; lastKnownFileType = sourcecode.swift; path = RecipeModel.swift; sourceTree = "<group>"; };
		463F977525D09A5300327EF8 /* RecipeView.swift */ = {isa = PBXFileReference; lastKnownFileType = sourcecode.swift; path = RecipeView.swift; sourceTree = "<group>"; };
		463F977B25D0A86400327EF8 /* Helper.swift */ = {isa = PBXFileReference; lastKnownFileType = sourcecode.swift; path = Helper.swift; sourceTree = "<group>"; };
		465DA2FA25D4A7E200750394 /* NetworkHelper.swift */ = {isa = PBXFileReference; lastKnownFileType = sourcecode.swift; path = NetworkHelper.swift; sourceTree = "<group>"; };
		46D0203C25D1F0A800AF34F5 /* RecipeDetailView.swift */ = {isa = PBXFileReference; lastKnownFileType = sourcecode.swift; path = RecipeDetailView.swift; sourceTree = "<group>"; };
		46F84E3525D342DA00CF7F3D /* AddRecipeView.swift */ = {isa = PBXFileReference; lastKnownFileType = sourcecode.swift; path = AddRecipeView.swift; sourceTree = "<group>"; };
		46F84E3A25D34FC900CF7F3D /* ImageHelper.swift */ = {isa = PBXFileReference; fileEncoding = 4; lastKnownFileType = sourcecode.swift; path = ImageHelper.swift; sourceTree = "<group>"; };
		46F84E3D25D3540A00CF7F3D /* TextHelper.swift */ = {isa = PBXFileReference; fileEncoding = 4; lastKnownFileType = sourcecode.swift; path = TextHelper.swift; sourceTree = "<group>"; };
/* End PBXFileReference section */

/* Begin PBXFrameworksBuildPhase section */
		463F975625D0822A00327EF8 /* Frameworks */ = {
			isa = PBXFrameworksBuildPhase;
			buildActionMask = 2147483647;
			files = (
			);
			runOnlyForDeploymentPostprocessing = 0;
		};
/* End PBXFrameworksBuildPhase section */

/* Begin PBXGroup section */
		463F975025D0822A00327EF8 = {
			isa = PBXGroup;
			children = (
				463F976D25D082EE00327EF8 /* LICENSE.txt */,
				463F976C25D082EE00327EF8 /* README.md */,
				463F975B25D0822A00327EF8 /* MyFavouriteRecipes */,
				463F975A25D0822A00327EF8 /* Products */,
			);
			sourceTree = "<group>";
		};
		463F975A25D0822A00327EF8 /* Products */ = {
			isa = PBXGroup;
			children = (
				463F975925D0822A00327EF8 /* MyFavouriteRecipes.app */,
			);
			name = Products;
			sourceTree = "<group>";
		};
		463F975B25D0822A00327EF8 /* MyFavouriteRecipes */ = {
			isa = PBXGroup;
			children = (
				465DA2FE25D4BE6C00750394 /* Helpers */,
				463F975C25D0822A00327EF8 /* MyFavouriteRecipesApp.swift */,
				463F975E25D0822A00327EF8 /* ContentView.swift */,
				463F977125D08E4800327EF8 /* RecipeModel.swift */,
				463F977525D09A5300327EF8 /* RecipeView.swift */,
				46D0203C25D1F0A800AF34F5 /* RecipeDetailView.swift */,
				46F84E3525D342DA00CF7F3D /* AddRecipeView.swift */,
				463F976025D0822B00327EF8 /* Assets.xcassets */,
				463F976525D0822B00327EF8 /* Info.plist */,
				463F976225D0822B00327EF8 /* Preview Content */,
			);
			path = MyFavouriteRecipes;
			sourceTree = "<group>";
		};
		463F976225D0822B00327EF8 /* Preview Content */ = {
			isa = PBXGroup;
			children = (
				463F976325D0822B00327EF8 /* Preview Assets.xcassets */,
			);
			path = "Preview Content";
			sourceTree = "<group>";
		};
		465DA2FE25D4BE6C00750394 /* Helpers */ = {
			isa = PBXGroup;
			children = (
				463F977B25D0A86400327EF8 /* Helper.swift */,
				46F84E3A25D34FC900CF7F3D /* ImageHelper.swift */,
				46F84E3D25D3540A00CF7F3D /* TextHelper.swift */,
				465DA2FA25D4A7E200750394 /* NetworkHelper.swift */,
			);
			path = Helpers;
			sourceTree = "<group>";
		};
/* End PBXGroup section */

/* Begin PBXNativeTarget section */
		463F975825D0822A00327EF8 /* MyFavouriteRecipes */ = {
			isa = PBXNativeTarget;
			buildConfigurationList = 463F976825D0822B00327EF8 /* Build configuration list for PBXNativeTarget "MyFavouriteRecipes" */;
			buildPhases = (
				463F975525D0822A00327EF8 /* Sources */,
				463F975625D0822A00327EF8 /* Frameworks */,
				463F975725D0822A00327EF8 /* Resources */,
			);
			buildRules = (
			);
			dependencies = (
			);
			name = MyFavouriteRecipes;
			productName = MyFavouriteRecipes;
			productReference = 463F975925D0822A00327EF8 /* MyFavouriteRecipes.app */;
			productType = "com.apple.product-type.application";
		};
/* End PBXNativeTarget section */

/* Begin PBXProject section */
		463F975125D0822A00327EF8 /* Project object */ = {
			isa = PBXProject;
			attributes = {
				LastSwiftUpdateCheck = 1240;
				LastUpgradeCheck = 1240;
				TargetAttributes = {
					463F975825D0822A00327EF8 = {
						CreatedOnToolsVersion = 12.4;
					};
				};
			};
			buildConfigurationList = 463F975425D0822A00327EF8 /* Build configuration list for PBXProject "MyFavouriteRecipes" */;
			compatibilityVersion = "Xcode 9.3";
			developmentRegion = en;
			hasScannedForEncodings = 0;
			knownRegions = (
				en,
				Base,
			);
			mainGroup = 463F975025D0822A00327EF8;
			productRefGroup = 463F975A25D0822A00327EF8 /* Products */;
			projectDirPath = "";
			projectRoot = "";
			targets = (
				463F975825D0822A00327EF8 /* MyFavouriteRecipes */,
			);
		};
/* End PBXProject section */

/* Begin PBXResourcesBuildPhase section */
		463F975725D0822A00327EF8 /* Resources */ = {
			isa = PBXResourcesBuildPhase;
			buildActionMask = 2147483647;
			files = (
				463F976F25D082EE00327EF8 /* LICENSE.txt in Resources */,
				463F976E25D082EE00327EF8 /* README.md in Resources */,
				463F976425D0822B00327EF8 /* Preview Assets.xcassets in Resources */,
				463F976125D0822B00327EF8 /* Assets.xcassets in Resources */,
			);
			runOnlyForDeploymentPostprocessing = 0;
		};
/* End PBXResourcesBuildPhase section */

/* Begin PBXSourcesBuildPhase section */
		463F975525D0822A00327EF8 /* Sources */ = {
			isa = PBXSourcesBuildPhase;
			buildActionMask = 2147483647;
			files = (
				46F84E3625D342DA00CF7F3D /* AddRecipeView.swift in Sources */,
				463F975F25D0822A00327EF8 /* ContentView.swift in Sources */,
				465DA2FB25D4A7E200750394 /* NetworkHelper.swift in Sources */,
				46D0203D25D1F0A800AF34F5 /* RecipeDetailView.swift in Sources */,
				463F975D25D0822A00327EF8 /* MyFavouriteRecipesApp.swift in Sources */,
				46F84E3E25D3540A00CF7F3D /* TextHelper.swift in Sources */,
				463F977C25D0A86400327EF8 /* Helper.swift in Sources */,
				463F977625D09A5300327EF8 /* RecipeView.swift in Sources */,
				463F977225D08E4800327EF8 /* RecipeModel.swift in Sources */,
				46F84E3B25D34FC900CF7F3D /* ImageHelper.swift in Sources */,
			);
			runOnlyForDeploymentPostprocessing = 0;
		};
/* End PBXSourcesBuildPhase section */

/* Begin XCBuildConfiguration section */
		463F976625D0822B00327EF8 /* Debug */ = {
			isa = XCBuildConfiguration;
			buildSettings = {
				ALWAYS_SEARCH_USER_PATHS = NO;
				CLANG_ANALYZER_NONNULL = YES;
				CLANG_ANALYZER_NUMBER_OBJECT_CONVERSION = YES_AGGRESSIVE;
				CLANG_CXX_LANGUAGE_STANDARD = "gnu++14";
				CLANG_CXX_LIBRARY = "libc++";
				CLANG_ENABLE_MODULES = YES;
				CLANG_ENABLE_OBJC_ARC = YES;
				CLANG_ENABLE_OBJC_WEAK = YES;
				CLANG_WARN_BLOCK_CAPTURE_AUTORELEASING = YES;
				CLANG_WARN_BOOL_CONVERSION = YES;
				CLANG_WARN_COMMA = YES;
				CLANG_WARN_CONSTANT_CONVERSION = YES;
				CLANG_WARN_DEPRECATED_OBJC_IMPLEMENTATIONS = YES;
				CLANG_WARN_DIRECT_OBJC_ISA_USAGE = YES_ERROR;
				CLANG_WARN_DOCUMENTATION_COMMENTS = YES;
				CLANG_WARN_EMPTY_BODY = YES;
				CLANG_WARN_ENUM_CONVERSION = YES;
				CLANG_WARN_INFINITE_RECURSION = YES;
				CLANG_WARN_INT_CONVERSION = YES;
				CLANG_WARN_NON_LITERAL_NULL_CONVERSION = YES;
				CLANG_WARN_OBJC_IMPLICIT_RETAIN_SELF = YES;
				CLANG_WARN_OBJC_LITERAL_CONVERSION = YES;
				CLANG_WARN_OBJC_ROOT_CLASS = YES_ERROR;
				CLANG_WARN_QUOTED_INCLUDE_IN_FRAMEWORK_HEADER = YES;
				CLANG_WARN_RANGE_LOOP_ANALYSIS = YES;
				CLANG_WARN_STRICT_PROTOTYPES = YES;
				CLANG_WARN_SUSPICIOUS_MOVE = YES;
				CLANG_WARN_UNGUARDED_AVAILABILITY = YES_AGGRESSIVE;
				CLANG_WARN_UNREACHABLE_CODE = YES;
				CLANG_WARN__DUPLICATE_METHOD_MATCH = YES;
				COPY_PHASE_STRIP = NO;
				DEBUG_INFORMATION_FORMAT = dwarf;
				ENABLE_STRICT_OBJC_MSGSEND = YES;
				ENABLE_TESTABILITY = YES;
				GCC_C_LANGUAGE_STANDARD = gnu11;
				GCC_DYNAMIC_NO_PIC = NO;
				GCC_NO_COMMON_BLOCKS = YES;
				GCC_OPTIMIZATION_LEVEL = 0;
				GCC_PREPROCESSOR_DEFINITIONS = (
					"DEBUG=1",
					"$(inherited)",
				);
				GCC_WARN_64_TO_32_BIT_CONVERSION = YES;
				GCC_WARN_ABOUT_RETURN_TYPE = YES_ERROR;
				GCC_WARN_UNDECLARED_SELECTOR = YES;
				GCC_WARN_UNINITIALIZED_AUTOS = YES_AGGRESSIVE;
				GCC_WARN_UNUSED_FUNCTION = YES;
				GCC_WARN_UNUSED_VARIABLE = YES;
				IPHONEOS_DEPLOYMENT_TARGET = 14.4;
				MTL_ENABLE_DEBUG_INFO = INCLUDE_SOURCE;
				MTL_FAST_MATH = YES;
				ONLY_ACTIVE_ARCH = YES;
				SDKROOT = iphoneos;
				SWIFT_ACTIVE_COMPILATION_CONDITIONS = DEBUG;
				SWIFT_OPTIMIZATION_LEVEL = "-Onone";
			};
			name = Debug;
		};
		463F976725D0822B00327EF8 /* Release */ = {
			isa = XCBuildConfiguration;
			buildSettings = {
				ALWAYS_SEARCH_USER_PATHS = NO;
				CLANG_ANALYZER_NONNULL = YES;
				CLANG_ANALYZER_NUMBER_OBJECT_CONVERSION = YES_AGGRESSIVE;
				CLANG_CXX_LANGUAGE_STANDARD = "gnu++14";
				CLANG_CXX_LIBRARY = "libc++";
				CLANG_ENABLE_MODULES = YES;
				CLANG_ENABLE_OBJC_ARC = YES;
				CLANG_ENABLE_OBJC_WEAK = YES;
				CLANG_WARN_BLOCK_CAPTURE_AUTORELEASING = YES;
				CLANG_WARN_BOOL_CONVERSION = YES;
				CLANG_WARN_COMMA = YES;
				CLANG_WARN_CONSTANT_CONVERSION = YES;
				CLANG_WARN_DEPRECATED_OBJC_IMPLEMENTATIONS = YES;
				CLANG_WARN_DIRECT_OBJC_ISA_USAGE = YES_ERROR;
				CLANG_WARN_DOCUMENTATION_COMMENTS = YES;
				CLANG_WARN_EMPTY_BODY = YES;
				CLANG_WARN_ENUM_CONVERSION = YES;
				CLANG_WARN_INFINITE_RECURSION = YES;
				CLANG_WARN_INT_CONVERSION = YES;
				CLANG_WARN_NON_LITERAL_NULL_CONVERSION = YES;
				CLANG_WARN_OBJC_IMPLICIT_RETAIN_SELF = YES;
				CLANG_WARN_OBJC_LITERAL_CONVERSION = YES;
				CLANG_WARN_OBJC_ROOT_CLASS = YES_ERROR;
				CLANG_WARN_QUOTED_INCLUDE_IN_FRAMEWORK_HEADER = YES;
				CLANG_WARN_RANGE_LOOP_ANALYSIS = YES;
				CLANG_WARN_STRICT_PROTOTYPES = YES;
				CLANG_WARN_SUSPICIOUS_MOVE = YES;
				CLANG_WARN_UNGUARDED_AVAILABILITY = YES_AGGRESSIVE;
				CLANG_WARN_UNREACHABLE_CODE = YES;
				CLANG_WARN__DUPLICATE_METHOD_MATCH = YES;
				COPY_PHASE_STRIP = NO;
				DEBUG_INFORMATION_FORMAT = "dwarf-with-dsym";
				ENABLE_NS_ASSERTIONS = NO;
				ENABLE_STRICT_OBJC_MSGSEND = YES;
				GCC_C_LANGUAGE_STANDARD = gnu11;
				GCC_NO_COMMON_BLOCKS = YES;
				GCC_WARN_64_TO_32_BIT_CONVERSION = YES;
				GCC_WARN_ABOUT_RETURN_TYPE = YES_ERROR;
				GCC_WARN_UNDECLARED_SELECTOR = YES;
				GCC_WARN_UNINITIALIZED_AUTOS = YES_AGGRESSIVE;
				GCC_WARN_UNUSED_FUNCTION = YES;
				GCC_WARN_UNUSED_VARIABLE = YES;
				IPHONEOS_DEPLOYMENT_TARGET = 14.4;
				MTL_ENABLE_DEBUG_INFO = NO;
				MTL_FAST_MATH = YES;
				SDKROOT = iphoneos;
				SWIFT_COMPILATION_MODE = wholemodule;
				SWIFT_OPTIMIZATION_LEVEL = "-O";
				VALIDATE_PRODUCT = YES;
			};
			name = Release;
		};
		463F976925D0822B00327EF8 /* Debug */ = {
			isa = XCBuildConfiguration;
			buildSettings = {
				ASSETCATALOG_COMPILER_APPICON_NAME = AppIcon;
				ASSETCATALOG_COMPILER_GLOBAL_ACCENT_COLOR_NAME = AccentColor;
				CODE_SIGN_STYLE = Automatic;
				DEVELOPMENT_ASSET_PATHS = "\"MyFavouriteRecipes/Preview Content\"";
				DEVELOPMENT_TEAM = 567K2BW2V9;
				ENABLE_PREVIEWS = YES;
				INFOPLIST_FILE = MyFavouriteRecipes/Info.plist;
				IPHONEOS_DEPLOYMENT_TARGET = 14.0;
				LD_RUNPATH_SEARCH_PATHS = (
					"$(inherited)",
					"@executable_path/Frameworks",
				);
				PRODUCT_BUNDLE_IDENTIFIER = com.studentool.ios.MyFavouriteRecipes;
				PRODUCT_NAME = "$(TARGET_NAME)";
				SWIFT_VERSION = 5.0;
				TARGETED_DEVICE_FAMILY = "1,2";
			};
			name = Debug;
		};
		463F976A25D0822B00327EF8 /* Release */ = {
			isa = XCBuildConfiguration;
			buildSettings = {
				ASSETCATALOG_COMPILER_APPICON_NAME = AppIcon;
				ASSETCATALOG_COMPILER_GLOBAL_ACCENT_COLOR_NAME = AccentColor;
				CODE_SIGN_STYLE = Automatic;
				DEVELOPMENT_ASSET_PATHS = "\"MyFavouriteRecipes/Preview Content\"";
				DEVELOPMENT_TEAM = 567K2BW2V9;
				ENABLE_PREVIEWS = YES;
				INFOPLIST_FILE = MyFavouriteRecipes/Info.plist;
				IPHONEOS_DEPLOYMENT_TARGET = 14.0;
				LD_RUNPATH_SEARCH_PATHS = (
					"$(inherited)",
					"@executable_path/Frameworks",
				);
				PRODUCT_BUNDLE_IDENTIFIER = com.studentool.ios.MyFavouriteRecipes;
				PRODUCT_NAME = "$(TARGET_NAME)";
				SWIFT_VERSION = 5.0;
				TARGETED_DEVICE_FAMILY = "1,2";
			};
			name = Release;
		};
/* End XCBuildConfiguration section */

/* Begin XCConfigurationList section */
		463F975425D0822A00327EF8 /* Build configuration list for PBXProject "MyFavouriteRecipes" */ = {
			isa = XCConfigurationList;
			buildConfigurations = (
				463F976625D0822B00327EF8 /* Debug */,
				463F976725D0822B00327EF8 /* Release */,
			);
			defaultConfigurationIsVisible = 0;
			defaultConfigurationName = Release;
		};
		463F976825D0822B00327EF8 /* Build configuration list for PBXNativeTarget "MyFavouriteRecipes" */ = {
			isa = XCConfigurationList;
			buildConfigurations = (
				463F976925D0822B00327EF8 /* Debug */,
				463F976A25D0822B00327EF8 /* Release */,
			);
			defaultConfigurationIsVisible = 0;
			defaultConfigurationName = Release;
		};
/* End XCConfigurationList section */
	};
	rootObject = 463F975125D0822A00327EF8 /* Project object */;
}
